
Microsoft Visual Studio Solution File, Format Version 12.00
# Visual Studio Version 16
VisualStudioVersion = 16.0.30114.105
MinimumVisualStudioVersion = 10.0.40219.1
Project("{9A19103F-16F7-4668-BE54-9A1E7A4F7556}") = "api", "api.csproj", "{49A2BA13-1E37-47E7-9AAD-17C4C1DA4DB3}"
EndProject
Global
	GlobalSection(SolutionConfigurationPlatforms) = preSolution
		Debug|Any CPU = Debug|Any CPU
		Release|Any CPU = Release|Any CPU
	EndGlobalSection
	GlobalSection(ProjectConfigurationPlatforms) = postSolution
		{49A2BA13-1E37-47E7-9AAD-17C4C1DA4DB3}.Debug|Any CPU.ActiveCfg = Debug|Any CPU
		{49A2BA13-1E37-47E7-9AAD-17C4C1DA4DB3}.Debug|Any CPU.Build.0 = Debug|Any CPU
		{49A2BA13-1E37-47E7-9AAD-17C4C1DA4DB3}.Release|Any CPU.ActiveCfg = Release|Any CPU
		{49A2BA13-1E37-47E7-9AAD-17C4C1DA4DB3}.Release|Any CPU.Build.0 = Release|Any CPU
	EndGlobalSection
	GlobalSection(SolutionProperties) = preSolution
		HideSolutionNode = FALSE
	EndGlobalSection
	GlobalSection(ExtensibilityGlobals) = postSolution
		SolutionGuid = {CC1C8ED5-AA78-4AEC-B6FC-41204EE5AB8D}
	EndGlobalSection
EndGlobal
